
Microsoft Visual Studio Solution File, Format Version 12.00
# Visual Studio Version 16
VisualStudioVersion = 16.0.29209.62
MinimumVisualStudioVersion = 10.0.40219.1
Project("{FAE04EC0-301F-11D3-BF4B-00C04F79EFBC}") = "BinarySearchTree", "BinarySearchTree.csproj", "{1D4EE40C-96F3-4D18-BB18-9F70B48CF2DB}"
EndProject
Global
	GlobalSection(SolutionConfigurationPlatforms) = preSolution
		Debug|Any CPU = Debug|Any CPU
		Release|Any CPU = Release|Any CPU
	EndGlobalSection
	GlobalSection(ProjectConfigurationPlatforms) = postSolution
		{1D4EE40C-96F3-4D18-BB18-9F70B48CF2DB}.Debug|Any CPU.ActiveCfg = Debug|Any CPU
		{1D4EE40C-96F3-4D18-BB18-9F70B48CF2DB}.Debug|Any CPU.Build.0 = Debug|Any CPU
		{1D4EE40C-96F3-4D18-BB18-9F70B48CF2DB}.Release|Any CPU.ActiveCfg = Release|Any CPU
		{1D4EE40C-96F3-4D18-BB18-9F70B48CF2DB}.Release|Any CPU.Build.0 = Release|Any CPU
	EndGlobalSection
	GlobalSection(SolutionProperties) = preSolution
		HideSolutionNode = FALSE
	EndGlobalSection
	GlobalSection(ExtensibilityGlobals) = postSolution
		SolutionGuid = {6FA46187-6B69-4C68-AD72-206B912FF04D}
	EndGlobalSection
EndGlobal
